
Microsoft Visual Studio Solution File, Format Version 12.00
# Visual Studio 15
VisualStudioVersion = 15.0.28307.902
MinimumVisualStudioVersion = 10.0.40219.1
Project("{8BC9CEB8-8B4A-11D0-8D11-00A0C91BC942}") = "Book", "Book\Book.vcxproj", "{EFC415EC-FC42-426B-83EC-14AD404EF87A}"
EndProject
Global
	GlobalSection(SolutionConfigurationPlatforms) = preSolution
		Debug|x64 = Debug|x64
		Debug|x86 = Debug|x86
		Release|x64 = Release|x64
		Release|x86 = Release|x86
	EndGlobalSection
	GlobalSection(ProjectConfigurationPlatforms) = postSolution
		{EFC415EC-FC42-426B-83EC-14AD404EF87A}.Debug|x64.ActiveCfg = Debug|x64
		{EFC415EC-FC42-426B-83EC-14AD404EF87A}.Debug|x64.Build.0 = Debug|x64
		{EFC415EC-FC42-426B-83EC-14AD404EF87A}.Debug|x86.ActiveCfg = Debug|Win32
		{EFC415EC-FC42-426B-83EC-14AD404EF87A}.Debug|x86.Build.0 = Debug|Win32
		{EFC415EC-FC42-426B-83EC-14AD404EF87A}.Release|x64.ActiveCfg = Release|x64
		{EFC415EC-FC42-426B-83EC-14AD404EF87A}.Release|x64.Build.0 = Release|x64
		{EFC415EC-FC42-426B-83EC-14AD404EF87A}.Release|x86.ActiveCfg = Release|Win32
		{EFC415EC-FC42-426B-83EC-14AD404EF87A}.Release|x86.Build.0 = Release|Win32
	EndGlobalSection
	GlobalSection(SolutionProperties) = preSolution
		HideSolutionNode = FALSE
	EndGlobalSection
	GlobalSection(ExtensibilityGlobals) = postSolution
		SolutionGuid = {0309962F-2F79-45A3-8277-4BBFCE7DEBB3}
	EndGlobalSection
EndGlobal
